
Microsoft Visual Studio Solution File, Format Version 12.00
# Visual Studio Version 16
VisualStudioVersion = 16.0.31005.135
MinimumVisualStudioVersion = 10.0.40219.1
Project("{FAE04EC0-301F-11D3-BF4B-00C04F79EFBC}") = "HeightCounter", "HeightCounter\HeightCounter.csproj", "{1F15CD9A-37A7-4118-989B-2DAB0BDE6C3E}"
EndProject
Project("{FAE04EC0-301F-11D3-BF4B-00C04F79EFBC}") = "ValidateDataLibrary", "ValidateDataLibrary\ValidateDataLibrary.csproj", "{A84F636E-1E9E-4A62-9AD4-72E674EA3D13}"
EndProject
Global
	GlobalSection(SolutionConfigurationPlatforms) = preSolution
		Debug|Any CPU = Debug|Any CPU
		Release|Any CPU = Release|Any CPU
	EndGlobalSection
	GlobalSection(ProjectConfigurationPlatforms) = postSolution
		{1F15CD9A-37A7-4118-989B-2DAB0BDE6C3E}.Debug|Any CPU.ActiveCfg = Debug|Any CPU
		{1F15CD9A-37A7-4118-989B-2DAB0BDE6C3E}.Debug|Any CPU.Build.0 = Debug|Any CPU
		{1F15CD9A-37A7-4118-989B-2DAB0BDE6C3E}.Release|Any CPU.ActiveCfg = Release|Any CPU
		{1F15CD9A-37A7-4118-989B-2DAB0BDE6C3E}.Release|Any CPU.Build.0 = Release|Any CPU
		{A84F636E-1E9E-4A62-9AD4-72E674EA3D13}.Debug|Any CPU.ActiveCfg = Debug|Any CPU
		{A84F636E-1E9E-4A62-9AD4-72E674EA3D13}.Debug|Any CPU.Build.0 = Debug|Any CPU
		{A84F636E-1E9E-4A62-9AD4-72E674EA3D13}.Release|Any CPU.ActiveCfg = Release|Any CPU
		{A84F636E-1E9E-4A62-9AD4-72E674EA3D13}.Release|Any CPU.Build.0 = Release|Any CPU
	EndGlobalSection
	GlobalSection(SolutionProperties) = preSolution
		HideSolutionNode = FALSE
	EndGlobalSection
	GlobalSection(ExtensibilityGlobals) = postSolution
		SolutionGuid = {67E8B829-AA4B-4EEA-8646-FEF545108223}
	EndGlobalSection
EndGlobal
